
Microsoft Visual Studio Solution File, Format Version 12.00
# Visual Studio 14
VisualStudioVersion = 14.0.25420.1
MinimumVisualStudioVersion = 10.0.40219.1
Project("{FAE04EC0-301F-11D3-BF4B-00C04F79EFBC}") = "LinkHubUI", "LinkHubUI\LinkHubUI.csproj", "{EA850DA8-5719-4170-94AD-7C80B6FF0CC1}"
EndProject
Project("{FAE04EC0-301F-11D3-BF4B-00C04F79EFBC}") = "BOL", "..\BOL\BOL.csproj", "{82B6B841-F472-4E9E-B76F-31B23FB3E083}"
EndProject
Project("{FAE04EC0-301F-11D3-BF4B-00C04F79EFBC}") = "BLL", "..\BLL\BLL.csproj", "{B9222E61-277B-4913-A654-97537557D202}"
EndProject
Project("{FAE04EC0-301F-11D3-BF4B-00C04F79EFBC}") = "DAL", "..\DAL\DAL.csproj", "{2FDFBA96-4421-4124-90DD-E8CA1592C545}"
EndProject
Global
	GlobalSection(SolutionConfigurationPlatforms) = preSolution
		Debug|Any CPU = Debug|Any CPU
		Release|Any CPU = Release|Any CPU
	EndGlobalSection
	GlobalSection(ProjectConfigurationPlatforms) = postSolution
		{EA850DA8-5719-4170-94AD-7C80B6FF0CC1}.Debug|Any CPU.ActiveCfg = Debug|Any CPU
		{EA850DA8-5719-4170-94AD-7C80B6FF0CC1}.Debug|Any CPU.Build.0 = Debug|Any CPU
		{EA850DA8-5719-4170-94AD-7C80B6FF0CC1}.Release|Any CPU.ActiveCfg = Release|Any CPU
		{EA850DA8-5719-4170-94AD-7C80B6FF0CC1}.Release|Any CPU.Build.0 = Release|Any CPU
		{82B6B841-F472-4E9E-B76F-31B23FB3E083}.Debug|Any CPU.ActiveCfg = Debug|Any CPU
		{82B6B841-F472-4E9E-B76F-31B23FB3E083}.Debug|Any CPU.Build.0 = Debug|Any CPU
		{82B6B841-F472-4E9E-B76F-31B23FB3E083}.Release|Any CPU.ActiveCfg = Release|Any CPU
		{82B6B841-F472-4E9E-B76F-31B23FB3E083}.Release|Any CPU.Build.0 = Release|Any CPU
		{B9222E61-277B-4913-A654-97537557D202}.Debug|Any CPU.ActiveCfg = Debug|Any CPU
		{B9222E61-277B-4913-A654-97537557D202}.Debug|Any CPU.Build.0 = Debug|Any CPU
		{B9222E61-277B-4913-A654-97537557D202}.Release|Any CPU.ActiveCfg = Release|Any CPU
		{B9222E61-277B-4913-A654-97537557D202}.Release|Any CPU.Build.0 = Release|Any CPU
		{2FDFBA96-4421-4124-90DD-E8CA1592C545}.Debug|Any CPU.ActiveCfg = Debug|Any CPU
		{2FDFBA96-4421-4124-90DD-E8CA1592C545}.Debug|Any CPU.Build.0 = Debug|Any CPU
		{2FDFBA96-4421-4124-90DD-E8CA1592C545}.Release|Any CPU.ActiveCfg = Release|Any CPU
		{2FDFBA96-4421-4124-90DD-E8CA1592C545}.Release|Any CPU.Build.0 = Release|Any CPU
	EndGlobalSection
	GlobalSection(SolutionProperties) = preSolution
		HideSolutionNode = FALSE
	EndGlobalSection
EndGlobal
